
Microsoft Visual Studio Solution File, Format Version 12.00
# Visual Studio Version 17
VisualStudioVersion = 17.4.33205.214
MinimumVisualStudioVersion = 10.0.40219.1
Project("{FAE04EC0-301F-11D3-BF4B-00C04F79EFBC}") = "PokemonReviewApp", "PokemonReviewApp.csproj", "{3560F980-98FD-4C8E-A89F-2003A6C6A8FF}"
EndProject
Global
	GlobalSection(SolutionConfigurationPlatforms) = preSolution
		Debug|Any CPU = Debug|Any CPU
		Release|Any CPU = Release|Any CPU
	EndGlobalSection
	GlobalSection(ProjectConfigurationPlatforms) = postSolution
		{3560F980-98FD-4C8E-A89F-2003A6C6A8FF}.Debug|Any CPU.ActiveCfg = Debug|Any CPU
		{3560F980-98FD-4C8E-A89F-2003A6C6A8FF}.Debug|Any CPU.Build.0 = Debug|Any CPU
		{3560F980-98FD-4C8E-A89F-2003A6C6A8FF}.Release|Any CPU.ActiveCfg = Release|Any CPU
		{3560F980-98FD-4C8E-A89F-2003A6C6A8FF}.Release|Any CPU.Build.0 = Release|Any CPU
	EndGlobalSection
	GlobalSection(SolutionProperties) = preSolution
		HideSolutionNode = FALSE
	EndGlobalSection
	GlobalSection(ExtensibilityGlobals) = postSolution
		SolutionGuid = {81AF1172-02BF-4FC5-9C80-C840770A84A5}
	EndGlobalSection
EndGlobal
